{
  "name": "internal-test",
  "version": "1.0.0",
  "lockfileVersion": 3,
  "requires": true,
  "packages": {
    "": {
      "name": "internal-test",
      "version": "1.0.0",
      "license": "ISC",
      "dependencies": {
        "quantumhub-sdk": "1.6.3"
      }
    },
    "node_modules/quantumhub-sdk": {
      "version": "1.6.3",
      "resolved": "https://registry.npmjs.org/quantumhub-sdk/-/quantumhub-sdk-1.6.3.tgz",
      "integrity": "sha512-41gHJy3OD99/eDeDoTnOmNf7ySNGKrbOyLTKR26hY+eoM2e+3ZZLZHC3a0C7J3UjypR47d1yfl91f6yhd30AfQ==",
      "license": "ISC"
    }
  }
}
